
Microsoft Visual Studio Solution File, Format Version 12.00
# Visual Studio Version 17
VisualStudioVersion = 17.7.34202.233
MinimumVisualStudioVersion = 10.0.40219.1
Project("{FAE04EC0-301F-11D3-BF4B-00C04F79EFBC}") = "project", "project\project.csproj", "{134C5A3A-F440-40CE-B476-14BA91D22ACD}"
EndProject
Global
	GlobalSection(SolutionConfigurationPlatforms) = preSolution
		Debug|Any CPU = Debug|Any CPU
		Release|Any CPU = Release|Any CPU
	EndGlobalSection
	GlobalSection(ProjectConfigurationPlatforms) = postSolution
		{134C5A3A-F440-40CE-B476-14BA91D22ACD}.Debug|Any CPU.ActiveCfg = Debug|Any CPU
		{134C5A3A-F440-40CE-B476-14BA91D22ACD}.Debug|Any CPU.Build.0 = Debug|Any CPU
		{134C5A3A-F440-40CE-B476-14BA91D22ACD}.Release|Any CPU.ActiveCfg = Release|Any CPU
		{134C5A3A-F440-40CE-B476-14BA91D22ACD}.Release|Any CPU.Build.0 = Release|Any CPU
	EndGlobalSection
	GlobalSection(SolutionProperties) = preSolution
		HideSolutionNode = FALSE
	EndGlobalSection
	GlobalSection(ExtensibilityGlobals) = postSolution
		SolutionGuid = {809B9420-7C76-42B9-8229-20952F21813A}
	EndGlobalSection
EndGlobal
